
Microsoft Visual Studio Solution File, Format Version 12.00
# Visual Studio Version 16
VisualStudioVersion = 16.0.30503.244
MinimumVisualStudioVersion = 10.0.40219.1
Project("{FAE04EC0-301F-11D3-BF4B-00C04F79EFBC}") = "ED.Core", "ED.Core\ED.Core.csproj", "{6013FABE-DFFD-4949-8790-34012DDA8670}"
EndProject
Project("{FAE04EC0-301F-11D3-BF4B-00C04F79EFBC}") = "ED.CLI", "ED.CLI\ED.CLI.csproj", "{185A88A3-F718-4E71-BEFE-2D670327D45F}"
EndProject
Project("{FAE04EC0-301F-11D3-BF4B-00C04F79EFBC}") = "ED.DbRely", "ED.DbRely\ED.DbRely.csproj", "{F94CE9AF-9A36-4182-A9A4-64E4A1B35109}"
EndProject
Project("{FAE04EC0-301F-11D3-BF4B-00C04F79EFBC}") = "ED.SQLite", "ED.SQLite\ED.SQLite.csproj", "{21F524E7-E3F2-4EC9-B9FD-CF5EAA1CE538}"
EndProject
Project("{FAE04EC0-301F-11D3-BF4B-00C04F79EFBC}") = "ED.ExcRely", "ED.ExcRely\ED.ExcRely.csproj", "{A03EE2AC-B757-4C5E-BAEA-FEDAB6BCD287}"
EndProject
Project("{FAE04EC0-301F-11D3-BF4B-00C04F79EFBC}") = "ED.NPOI", "ED.ExcNPOI\ED.NPOI.csproj", "{07489CAE-54C5-4527-8AA5-E9CE8E837A72}"
EndProject
Project("{FAE04EC0-301F-11D3-BF4B-00C04F79EFBC}") = "ED.Logic", "ED.Logic\ED.Logic.csproj", "{4404B7CC-9169-4905-9D5E-D2C36028986E}"
EndProject
Global
	GlobalSection(SolutionConfigurationPlatforms) = preSolution
		Debug|Any CPU = Debug|Any CPU
		Debug|x86 = Debug|x86
		Release|Any CPU = Release|Any CPU
		Release|x86 = Release|x86
	EndGlobalSection
	GlobalSection(ProjectConfigurationPlatforms) = postSolution
		{6013FABE-DFFD-4949-8790-34012DDA8670}.Debug|Any CPU.ActiveCfg = Debug|Any CPU
		{6013FABE-DFFD-4949-8790-34012DDA8670}.Debug|Any CPU.Build.0 = Debug|Any CPU
		{6013FABE-DFFD-4949-8790-34012DDA8670}.Debug|x86.ActiveCfg = Debug|x86
		{6013FABE-DFFD-4949-8790-34012DDA8670}.Debug|x86.Build.0 = Debug|x86
		{6013FABE-DFFD-4949-8790-34012DDA8670}.Release|Any CPU.ActiveCfg = Release|Any CPU
		{6013FABE-DFFD-4949-8790-34012DDA8670}.Release|Any CPU.Build.0 = Release|Any CPU
		{6013FABE-DFFD-4949-8790-34012DDA8670}.Release|x86.ActiveCfg = Release|x86
		{6013FABE-DFFD-4949-8790-34012DDA8670}.Release|x86.Build.0 = Release|x86
		{185A88A3-F718-4E71-BEFE-2D670327D45F}.Debug|Any CPU.ActiveCfg = Debug|Any CPU
		{185A88A3-F718-4E71-BEFE-2D670327D45F}.Debug|Any CPU.Build.0 = Debug|Any CPU
		{185A88A3-F718-4E71-BEFE-2D670327D45F}.Debug|x86.ActiveCfg = Debug|x86
		{185A88A3-F718-4E71-BEFE-2D670327D45F}.Debug|x86.Build.0 = Debug|x86
		{185A88A3-F718-4E71-BEFE-2D670327D45F}.Release|Any CPU.ActiveCfg = Release|Any CPU
		{185A88A3-F718-4E71-BEFE-2D670327D45F}.Release|Any CPU.Build.0 = Release|Any CPU
		{185A88A3-F718-4E71-BEFE-2D670327D45F}.Release|x86.ActiveCfg = Release|x86
		{185A88A3-F718-4E71-BEFE-2D670327D45F}.Release|x86.Build.0 = Release|x86
		{F94CE9AF-9A36-4182-A9A4-64E4A1B35109}.Debug|Any CPU.ActiveCfg = Debug|Any CPU
		{F94CE9AF-9A36-4182-A9A4-64E4A1B35109}.Debug|Any CPU.Build.0 = Debug|Any CPU
		{F94CE9AF-9A36-4182-A9A4-64E4A1B35109}.Debug|x86.ActiveCfg = Debug|Any CPU
		{F94CE9AF-9A36-4182-A9A4-64E4A1B35109}.Debug|x86.Build.0 = Debug|Any CPU
		{F94CE9AF-9A36-4182-A9A4-64E4A1B35109}.Release|Any CPU.ActiveCfg = Release|Any CPU
		{F94CE9AF-9A36-4182-A9A4-64E4A1B35109}.Release|Any CPU.Build.0 = Release|Any CPU
		{F94CE9AF-9A36-4182-A9A4-64E4A1B35109}.Release|x86.ActiveCfg = Release|Any CPU
		{F94CE9AF-9A36-4182-A9A4-64E4A1B35109}.Release|x86.Build.0 = Release|Any CPU
		{21F524E7-E3F2-4EC9-B9FD-CF5EAA1CE538}.Debug|Any CPU.ActiveCfg = Debug|Any CPU
		{21F524E7-E3F2-4EC9-B9FD-CF5EAA1CE538}.Debug|Any CPU.Build.0 = Debug|Any CPU
		{21F524E7-E3F2-4EC9-B9FD-CF5EAA1CE538}.Debug|x86.ActiveCfg = Debug|x86
		{21F524E7-E3F2-4EC9-B9FD-CF5EAA1CE538}.Debug|x86.Build.0 = Debug|x86
		{21F524E7-E3F2-4EC9-B9FD-CF5EAA1CE538}.Release|Any CPU.ActiveCfg = Release|Any CPU
		{21F524E7-E3F2-4EC9-B9FD-CF5EAA1CE538}.Release|Any CPU.Build.0 = Release|Any CPU
		{21F524E7-E3F2-4EC9-B9FD-CF5EAA1CE538}.Release|x86.ActiveCfg = Release|Any CPU
		{21F524E7-E3F2-4EC9-B9FD-CF5EAA1CE538}.Release|x86.Build.0 = Release|Any CPU
		{A03EE2AC-B757-4C5E-BAEA-FEDAB6BCD287}.Debug|Any CPU.ActiveCfg = Debug|Any CPU
		{A03EE2AC-B757-4C5E-BAEA-FEDAB6BCD287}.Debug|Any CPU.Build.0 = Debug|Any CPU
		{A03EE2AC-B757-4C5E-BAEA-FEDAB6BCD287}.Debug|x86.ActiveCfg = Debug|Any CPU
		{A03EE2AC-B757-4C5E-BAEA-FEDAB6BCD287}.Debug|x86.Build.0 = Debug|Any CPU
		{A03EE2AC-B757-4C5E-BAEA-FEDAB6BCD287}.Release|Any CPU.ActiveCfg = Release|Any CPU
		{A03EE2AC-B757-4C5E-BAEA-FEDAB6BCD287}.Release|Any CPU.Build.0 = Release|Any CPU
		{A03EE2AC-B757-4C5E-BAEA-FEDAB6BCD287}.Release|x86.ActiveCfg = Release|Any CPU
		{A03EE2AC-B757-4C5E-BAEA-FEDAB6BCD287}.Release|x86.Build.0 = Release|Any CPU
		{07489CAE-54C5-4527-8AA5-E9CE8E837A72}.Debug|Any CPU.ActiveCfg = Debug|Any CPU
		{07489CAE-54C5-4527-8AA5-E9CE8E837A72}.Debug|Any CPU.Build.0 = Debug|Any CPU
		{07489CAE-54C5-4527-8AA5-E9CE8E837A72}.Debug|x86.ActiveCfg = Debug|Any CPU
		{07489CAE-54C5-4527-8AA5-E9CE8E837A72}.Debug|x86.Build.0 = Debug|Any CPU
		{07489CAE-54C5-4527-8AA5-E9CE8E837A72}.Release|Any CPU.ActiveCfg = Release|Any CPU
		{07489CAE-54C5-4527-8AA5-E9CE8E837A72}.Release|Any CPU.Build.0 = Release|Any CPU
		{07489CAE-54C5-4527-8AA5-E9CE8E837A72}.Release|x86.ActiveCfg = Release|Any CPU
		{07489CAE-54C5-4527-8AA5-E9CE8E837A72}.Release|x86.Build.0 = Release|Any CPU
		{4404B7CC-9169-4905-9D5E-D2C36028986E}.Debug|Any CPU.ActiveCfg = Debug|Any CPU
		{4404B7CC-9169-4905-9D5E-D2C36028986E}.Debug|Any CPU.Build.0 = Debug|Any CPU
		{4404B7CC-9169-4905-9D5E-D2C36028986E}.Debug|x86.ActiveCfg = Debug|Any CPU
		{4404B7CC-9169-4905-9D5E-D2C36028986E}.Debug|x86.Build.0 = Debug|Any CPU
		{4404B7CC-9169-4905-9D5E-D2C36028986E}.Release|Any CPU.ActiveCfg = Release|Any CPU
		{4404B7CC-9169-4905-9D5E-D2C36028986E}.Release|Any CPU.Build.0 = Release|Any CPU
		{4404B7CC-9169-4905-9D5E-D2C36028986E}.Release|x86.ActiveCfg = Release|Any CPU
		{4404B7CC-9169-4905-9D5E-D2C36028986E}.Release|x86.Build.0 = Release|Any CPU
	EndGlobalSection
	GlobalSection(SolutionProperties) = preSolution
		HideSolutionNode = FALSE
	EndGlobalSection
	GlobalSection(ExtensibilityGlobals) = postSolution
		SolutionGuid = {63E50042-B422-402D-BCD5-C7A098C7195F}
	EndGlobalSection
EndGlobal
